PODS:
  - ActionSheet (2.0.0)
  - FontAwesome.swift (1.8.3)

DEPENDENCIES:
  - ActionSheet (~> 2.0.0)
  - FontAwesome.swift

SPEC REPOS:
  "git@github.com:tinchovictory/privatePods.git":
    - ActionSheet
  https://github.com/CocoaPods/Specs.git:
    - FontAwesome.swift

SPEC CHECKSUMS:
  ActionSheet: 14e8c6543dea7eb6f02e7a1c48f4fce03055b86e
  FontAwesome.swift: 2a3235131a6caffc6b2ccba318e94d793b2fd342

PODFILE CHECKSUM: cd1cf6781c9288ff267f489bbd81b6bf77d775ac

COCOAPODS: 1.8.4
