// !$*UTF8*$!
{
	archiveVersion = 1;
	classes = {
	};
	objectVersion = 50;
	objects = {

/* Begin PBXBuildFile section */
		1BC123030F5C875B16C1C4AA /* Pods_CalendarApp.framework in Frameworks */ = {isa = PBXBuildFile; fileRef = 19A0C788BD42C5B4DAB3D11F /* Pods_CalendarApp.framework */; };
		5B2AB99823EB4A8A005592F4 /* AppDelegate.swift in Sources */ = {isa = PBXBuildFile; fileRef = 5B2AB99723EB4A8A005592F4 /* AppDelegate.swift */; };
		5B2AB99A23EB4A8A005592F4 /* SceneDelegate.swift in Sources */ = {isa = PBXBuildFile; fileRef = 5B2AB99923EB4A8A005592F4 /* SceneDelegate.swift */; };
		5B2AB99C23EB4A8A005592F4 /* AppointmentListVC.swift in Sources */ = {isa = PBXBuildFile; fileRef = 5B2AB99B23EB4A8A005592F4 /* AppointmentListVC.swift */; };
		5B2AB9A123EB4A8A005592F4 /* Assets.xcassets in Resources */ = {isa = PBXBuildFile; fileRef = 5B2AB9A023EB4A8A005592F4 /* Assets.xcassets */; };
		5B2AB9A423EB4A8A005592F4 /* LaunchScreen.storyboard in Resources */ = {isa = PBXBuildFile; fileRef = 5B2AB9A223EB4A8A005592F4 /* LaunchScreen.storyboard */; };
		5B4AF5FA23EBB23F00F584AB /* AppointmentCell.swift in Sources */ = {isa = PBXBuildFile; fileRef = 5B4AF5F923EBB23F00F584AB /* AppointmentCell.swift */; };
		5B4AF5FC23EC9FB600F584AB /* LargeBtn.swift in Sources */ = {isa = PBXBuildFile; fileRef = 5B4AF5FB23EC9FB600F584AB /* LargeBtn.swift */; };
		5B8F798823ED0E8E009F79EA /* AppointmentsTitle.swift in Sources */ = {isa = PBXBuildFile; fileRef = 5B8F798723ED0E8E009F79EA /* AppointmentsTitle.swift */; };
		5B8F798B23ED1A91009F79EA /* AppointmentsVC.swift in Sources */ = {isa = PBXBuildFile; fileRef = 5B8F798A23ED1A91009F79EA /* AppointmentsVC.swift */; };
		5B8F798D23ED1C9C009F79EA /* AppointmentGroupVC.swift in Sources */ = {isa = PBXBuildFile; fileRef = 5B8F798C23ED1C9C009F79EA /* AppointmentGroupVC.swift */; };
		5B8F798F23EDE787009F79EA /* AppointmentGroupCell.swift in Sources */ = {isa = PBXBuildFile; fileRef = 5B8F798E23EDE787009F79EA /* AppointmentGroupCell.swift */; };
		5B8F799223EDEFF7009F79EA /* RGBValue.swift in Sources */ = {isa = PBXBuildFile; fileRef = 5B8F799123EDEFF7009F79EA /* RGBValue.swift */; };
		5B8F799423EE679B009F79EA /* AppointmentGroup.swift in Sources */ = {isa = PBXBuildFile; fileRef = 5B8F799323EE679B009F79EA /* AppointmentGroup.swift */; };
		5B8F799623EE683B009F79EA /* Appointment.swift in Sources */ = {isa = PBXBuildFile; fileRef = 5B8F799523EE683B009F79EA /* Appointment.swift */; };
		5B8F799923EE6A59009F79EA /* AppointmentsService.swift in Sources */ = {isa = PBXBuildFile; fileRef = 5B8F799823EE6A59009F79EA /* AppointmentsService.swift */; };
		5B8F799B23EF7144009F79EA /* CreateTaskVC.swift in Sources */ = {isa = PBXBuildFile; fileRef = 5B8F799A23EF7144009F79EA /* CreateTaskVC.swift */; };
		5B8F799F23EF9012009F79EA /* CustomTextField.swift in Sources */ = {isa = PBXBuildFile; fileRef = 5B8F799E23EF9012009F79EA /* CustomTextField.swift */; };
		5B8F79A123EFB27C009F79EA /* TaskItem.swift in Sources */ = {isa = PBXBuildFile; fileRef = 5B8F79A023EFB27C009F79EA /* TaskItem.swift */; };
/* End PBXBuildFile section */

/* Begin PBXFileReference section */
		19A0C788BD42C5B4DAB3D11F /* Pods_CalendarApp.framework */ = {isa = PBXFileReference; explicitFileType = wrapper.framework; includeInIndex = 0; path = Pods_CalendarApp.framework; sourceTree = BUILT_PRODUCTS_DIR; };
		1F684F921C95F539202A1022 /* Pods-CalendarApp.release.xcconfig */ = {isa = PBXFileReference; includeInIndex = 1; lastKnownFileType = text.xcconfig; name = "Pods-CalendarApp.release.xcconfig"; path = "Target Support Files/Pods-CalendarApp/Pods-CalendarApp.release.xcconfig"; sourceTree = "<group>"; };
		5B2AB99423EB4A8A005592F4 /* CalendarApp.app */ = {isa = PBXFileReference; explicitFileType = wrapper.application; includeInIndex = 0; path = CalendarApp.app; sourceTree = BUILT_PRODUCTS_DIR; };
		5B2AB99723EB4A8A005592F4 /* AppDelegate.swift */ = {isa = PBXFileReference; lastKnownFileType = sourcecode.swift; path = AppDelegate.swift; sourceTree = "<group>"; };
		5B2AB99923EB4A8A005592F4 /* SceneDelegate.swift */ = {isa = PBXFileReference; lastKnownFileType = sourcecode.swift; path = SceneDelegate.swift; sourceTree = "<group>"; };
		5B2AB99B23EB4A8A005592F4 /* AppointmentListVC.swift */ = {isa = PBXFileReference; lastKnownFileType = sourcecode.swift; path = AppointmentListVC.swift; sourceTree = "<group>"; };
		5B2AB9A023EB4A8A005592F4 /* Assets.xcassets */ = {isa = PBXFileReference; lastKnownFileType = folder.assetcatalog; path = Assets.xcassets; sourceTree = "<group>"; };
		5B2AB9A323EB4A8A005592F4 /* Base */ = {isa = PBXFileReference; lastKnownFileType = file.storyboard; name = Base; path = Base.lproj/LaunchScreen.storyboard; sourceTree = "<group>"; };
		5B2AB9A523EB4A8A005592F4 /* Info.plist */ = {isa = PBXFileReference; lastKnownFileType = text.plist.xml; path = Info.plist; sourceTree = "<group>"; };
		5B4AF5F923EBB23F00F584AB /* AppointmentCell.swift */ = {isa = PBXFileReference; lastKnownFileType = sourcecode.swift; path = AppointmentCell.swift; sourceTree = "<group>"; };
		5B4AF5FB23EC9FB600F584AB /* LargeBtn.swift */ = {isa = PBXFileReference; lastKnownFileType = sourcecode.swift; path = LargeBtn.swift; sourceTree = "<group>"; };
		5B8F798723ED0E8E009F79EA /* AppointmentsTitle.swift */ = {isa = PBXFileReference; lastKnownFileType = sourcecode.swift; path = AppointmentsTitle.swift; sourceTree = "<group>"; };
		5B8F798A23ED1A91009F79EA /* AppointmentsVC.swift */ = {isa = PBXFileReference; lastKnownFileType = sourcecode.swift; path = AppointmentsVC.swift; sourceTree = "<group>"; };
		5B8F798C23ED1C9C009F79EA /* AppointmentGroupVC.swift */ = {isa = PBXFileReference; lastKnownFileType = sourcecode.swift; path = AppointmentGroupVC.swift; sourceTree = "<group>"; };
		5B8F798E23EDE787009F79EA /* AppointmentGroupCell.swift */ = {isa = PBXFileReference; lastKnownFileType = sourcecode.swift; path = AppointmentGroupCell.swift; sourceTree = "<group>"; };
		5B8F799123EDEFF7009F79EA /* RGBValue.swift */ = {isa = PBXFileReference; lastKnownFileType = sourcecode.swift; path = RGBValue.swift; sourceTree = "<group>"; };
		5B8F799323EE679B009F79EA /* AppointmentGroup.swift */ = {isa = PBXFileReference; lastKnownFileType = sourcecode.swift; path = AppointmentGroup.swift; sourceTree = "<group>"; };
		5B8F799523EE683B009F79EA /* Appointment.swift */ = {isa = PBXFileReference; lastKnownFileType = sourcecode.swift; path = Appointment.swift; sourceTree = "<group>"; };
		5B8F799823EE6A59009F79EA /* AppointmentsService.swift */ = {isa = PBXFileReference; lastKnownFileType = sourcecode.swift; path = AppointmentsService.swift; sourceTree = "<group>"; };
		5B8F799A23EF7144009F79EA /* CreateTaskVC.swift */ = {isa = PBXFileReference; lastKnownFileType = sourcecode.swift; path = CreateTaskVC.swift; sourceTree = "<group>"; };
		5B8F799E23EF9012009F79EA /* CustomTextField.swift */ = {isa = PBXFileReference; lastKnownFileType = sourcecode.swift; path = CustomTextField.swift; sourceTree = "<group>"; };
		5B8F79A023EFB27C009F79EA /* TaskItem.swift */ = {isa = PBXFileReference; lastKnownFileType = sourcecode.swift; path = TaskItem.swift; sourceTree = "<group>"; };
		F7F3ECAFB902F50324FFBECA /* Pods-CalendarApp.debug.xcconfig */ = {isa = PBXFileReference; includeInIndex = 1; lastKnownFileType = text.xcconfig; name = "Pods-CalendarApp.debug.xcconfig"; path = "Target Support Files/Pods-CalendarApp/Pods-CalendarApp.debug.xcconfig"; sourceTree = "<group>"; };
/* End PBXFileReference section */

/* Begin PBXFrameworksBuildPhase section */
		5B2AB99123EB4A8A005592F4 /* Frameworks */ = {
			isa = PBXFrameworksBuildPhase;
			buildActionMask = 2147483647;
			files = (
				1BC123030F5C875B16C1C4AA /* Pods_CalendarApp.framework in Frameworks */,
			);
			runOnlyForDeploymentPostprocessing = 0;
		};
/* End PBXFrameworksBuildPhase section */

/* Begin PBXGroup section */
		5824D9841E576A64E0632C91 /* Frameworks */ = {
			isa = PBXGroup;
			children = (
				19A0C788BD42C5B4DAB3D11F /* Pods_CalendarApp.framework */,
			);
			name = Frameworks;
			sourceTree = "<group>";
		};
		5B2AB98B23EB4A8A005592F4 = {
			isa = PBXGroup;
			children = (
				5B4AF5F723EB562300F584AB /* SupportingFiles */,
				5B2AB99623EB4A8A005592F4 /* CalendarApp */,
				5B2AB99523EB4A8A005592F4 /* Products */,
				F15A61981C163DC2ED74EF70 /* Pods */,
				5824D9841E576A64E0632C91 /* Frameworks */,
			);
			sourceTree = "<group>";
		};
		5B2AB99523EB4A8A005592F4 /* Products */ = {
			isa = PBXGroup;
			children = (
				5B2AB99423EB4A8A005592F4 /* CalendarApp.app */,
			);
			name = Products;
			sourceTree = "<group>";
		};
		5B2AB99623EB4A8A005592F4 /* CalendarApp */ = {
			isa = PBXGroup;
			children = (
				5B8F799723EE6A16009F79EA /* Services */,
				5B8F799023EDEFDB009F79EA /* Models */,
				5B8F798923ED1A4C009F79EA /* Controllers */,
				5B4AF5F823EB56C100F584AB /* Views */,
				5B2AB9A023EB4A8A005592F4 /* Assets.xcassets */,
				5B2AB9A523EB4A8A005592F4 /* Info.plist */,
			);
			path = CalendarApp;
			sourceTree = "<group>";
		};
		5B4AF5F723EB562300F584AB /* SupportingFiles */ = {
			isa = PBXGroup;
			children = (
				5B2AB99723EB4A8A005592F4 /* AppDelegate.swift */,
				5B2AB99923EB4A8A005592F4 /* SceneDelegate.swift */,
				5B2AB9A223EB4A8A005592F4 /* LaunchScreen.storyboard */,
			);
			path = SupportingFiles;
			sourceTree = "<group>";
		};
		5B4AF5F823EB56C100F584AB /* Views */ = {
			isa = PBXGroup;
			children = (
				5B8F798723ED0E8E009F79EA /* AppointmentsTitle.swift */,
				5B4AF5F923EBB23F00F584AB /* AppointmentCell.swift */,
				5B4AF5FB23EC9FB600F584AB /* LargeBtn.swift */,
				5B8F798E23EDE787009F79EA /* AppointmentGroupCell.swift */,
				5B8F799E23EF9012009F79EA /* CustomTextField.swift */,
				5B8F79A023EFB27C009F79EA /* TaskItem.swift */,
			);
			path = Views;
			sourceTree = "<group>";
		};
		5B8F798923ED1A4C009F79EA /* Controllers */ = {
			isa = PBXGroup;
			children = (
				5B2AB99B23EB4A8A005592F4 /* AppointmentListVC.swift */,
				5B8F798A23ED1A91009F79EA /* AppointmentsVC.swift */,
				5B8F798C23ED1C9C009F79EA /* AppointmentGroupVC.swift */,
				5B8F799A23EF7144009F79EA /* CreateTaskVC.swift */,
			);
			path = Controllers;
			sourceTree = "<group>";
		};
		5B8F799023EDEFDB009F79EA /* Models */ = {
			isa = PBXGroup;
			children = (
				5B8F799123EDEFF7009F79EA /* RGBValue.swift */,
				5B8F799323EE679B009F79EA /* AppointmentGroup.swift */,
				5B8F799523EE683B009F79EA /* Appointment.swift */,
			);
			path = Models;
			sourceTree = "<group>";
		};
		5B8F799723EE6A16009F79EA /* Services */ = {
			isa = PBXGroup;
			children = (
				5B8F799823EE6A59009F79EA /* AppointmentsService.swift */,
			);
			path = Services;
			sourceTree = "<group>";
		};
		F15A61981C163DC2ED74EF70 /* Pods */ = {
			isa = PBXGroup;
			children = (
				F7F3ECAFB902F50324FFBECA /* Pods-CalendarApp.debug.xcconfig */,
				1F684F921C95F539202A1022 /* Pods-CalendarApp.release.xcconfig */,
			);
			name = Pods;
			path = Pods;
			sourceTree = "<group>";
		};
/* End PBXGroup section */

/* Begin PBXNativeTarget section */
		5B2AB99323EB4A8A005592F4 /* CalendarApp */ = {
			isa = PBXNativeTarget;
			buildConfigurationList = 5B2AB9A823EB4A8A005592F4 /* Build configuration list for PBXNativeTarget "CalendarApp" */;
			buildPhases = (
				CAEEC5F931154C976A6FAD2E /* [CP] Check Pods Manifest.lock */,
				5B2AB99023EB4A8A005592F4 /* Sources */,
				5B2AB99123EB4A8A005592F4 /* Frameworks */,
				5B2AB99223EB4A8A005592F4 /* Resources */,
				6130C09BAA36724F28EB4D00 /* [CP] Embed Pods Frameworks */,
			);
			buildRules = (
			);
			dependencies = (
			);
			name = CalendarApp;
			productName = CalendarApp;
			productReference = 5B2AB99423EB4A8A005592F4 /* CalendarApp.app */;
			productType = "com.apple.product-type.application";
		};
/* End PBXNativeTarget section */

/* Begin PBXProject section */
		5B2AB98C23EB4A8A005592F4 /* Project object */ = {
			isa = PBXProject;
			attributes = {
				LastSwiftUpdateCheck = 1130;
				LastUpgradeCheck = 1130;
				ORGANIZATIONNAME = "Martin Victory";
				TargetAttributes = {
					5B2AB99323EB4A8A005592F4 = {
						CreatedOnToolsVersion = 11.3.1;
					};
				};
			};
			buildConfigurationList = 5B2AB98F23EB4A8A005592F4 /* Build configuration list for PBXProject "CalendarApp" */;
			compatibilityVersion = "Xcode 9.3";
			developmentRegion = en;
			hasScannedForEncodings = 0;
			knownRegions = (
				en,
				Base,
			);
			mainGroup = 5B2AB98B23EB4A8A005592F4;
			productRefGroup = 5B2AB99523EB4A8A005592F4 /* Products */;
			projectDirPath = "";
			projectRoot = "";
			targets = (
				5B2AB99323EB4A8A005592F4 /* CalendarApp */,
			);
		};
/* End PBXProject section */

/* Begin PBXResourcesBuildPhase section */
		5B2AB99223EB4A8A005592F4 /* Resources */ = {
			isa = PBXResourcesBuildPhase;
			buildActionMask = 2147483647;
			files = (
				5B2AB9A423EB4A8A005592F4 /* LaunchScreen.storyboard in Resources */,
				5B2AB9A123EB4A8A005592F4 /* Assets.xcassets in Resources */,
			);
			runOnlyForDeploymentPostprocessing = 0;
		};
/* End PBXResourcesBuildPhase section */

/* Begin PBXShellScriptBuildPhase section */
		6130C09BAA36724F28EB4D00 /* [CP] Embed Pods Frameworks */ = {
			isa = PBXShellScriptBuildPhase;
			buildActionMask = 2147483647;
			files = (
			);
			inputFileListPaths = (
				"${PODS_ROOT}/Target Support Files/Pods-CalendarApp/Pods-CalendarApp-frameworks-${CONFIGURATION}-input-files.xcfilelist",
			);
			name = "[CP] Embed Pods Frameworks";
			outputFileListPaths = (
				"${PODS_ROOT}/Target Support Files/Pods-CalendarApp/Pods-CalendarApp-frameworks-${CONFIGURATION}-output-files.xcfilelist",
			);
			runOnlyForDeploymentPostprocessing = 0;
			shellPath = /bin/sh;
			shellScript = "\"${PODS_ROOT}/Target Support Files/Pods-CalendarApp/Pods-CalendarApp-frameworks.sh\"\n";
			showEnvVarsInLog = 0;
		};
		CAEEC5F931154C976A6FAD2E /* [CP] Check Pods Manifest.lock */ = {
			isa = PBXShellScriptBuildPhase;
			buildActionMask = 2147483647;
			files = (
			);
			inputFileListPaths = (
			);
			inputPaths = (
				"${PODS_PODFILE_DIR_PATH}/Podfile.lock",
				"${PODS_ROOT}/Manifest.lock",
			);
			name = "[CP] Check Pods Manifest.lock";
			outputFileListPaths = (
			);
			outputPaths = (
				"$(DERIVED_FILE_DIR)/Pods-CalendarApp-checkManifestLockResult.txt",
			);
			runOnlyForDeploymentPostprocessing = 0;
			shellPath = /bin/sh;
			shellScript = "diff \"${PODS_PODFILE_DIR_PATH}/Podfile.lock\" \"${PODS_ROOT}/Manifest.lock\" > /dev/null\nif [ $? != 0 ] ; then\n    # print error to STDERR\n    echo \"error: The sandbox is not in sync with the Podfile.lock. Run 'pod install' or update your CocoaPods installation.\" >&2\n    exit 1\nfi\n# This output is used by Xcode 'outputs' to avoid re-running this script phase.\necho \"SUCCESS\" > \"${SCRIPT_OUTPUT_FILE_0}\"\n";
			showEnvVarsInLog = 0;
		};
/* End PBXShellScriptBuildPhase section */

/* Begin PBXSourcesBuildPhase section */
		5B2AB99023EB4A8A005592F4 /* Sources */ = {
			isa = PBXSourcesBuildPhase;
			buildActionMask = 2147483647;
			files = (
				5B8F798D23ED1C9C009F79EA /* AppointmentGroupVC.swift in Sources */,
				5B8F799623EE683B009F79EA /* Appointment.swift in Sources */,
				5B8F798823ED0E8E009F79EA /* AppointmentsTitle.swift in Sources */,
				5B2AB99C23EB4A8A005592F4 /* AppointmentListVC.swift in Sources */,
				5B8F799923EE6A59009F79EA /* AppointmentsService.swift in Sources */,
				5B8F798F23EDE787009F79EA /* AppointmentGroupCell.swift in Sources */,
				5B2AB99823EB4A8A005592F4 /* AppDelegate.swift in Sources */,
				5B2AB99A23EB4A8A005592F4 /* SceneDelegate.swift in Sources */,
				5B8F798B23ED1A91009F79EA /* AppointmentsVC.swift in Sources */,
				5B8F799223EDEFF7009F79EA /* RGBValue.swift in Sources */,
				5B4AF5FA23EBB23F00F584AB /* AppointmentCell.swift in Sources */,
				5B8F79A123EFB27C009F79EA /* TaskItem.swift in Sources */,
				5B8F799423EE679B009F79EA /* AppointmentGroup.swift in Sources */,
				5B4AF5FC23EC9FB600F584AB /* LargeBtn.swift in Sources */,
				5B8F799B23EF7144009F79EA /* CreateTaskVC.swift in Sources */,
				5B8F799F23EF9012009F79EA /* CustomTextField.swift in Sources */,
			);
			runOnlyForDeploymentPostprocessing = 0;
		};
/* End PBXSourcesBuildPhase section */

/* Begin PBXVariantGroup section */
		5B2AB9A223EB4A8A005592F4 /* LaunchScreen.storyboard */ = {
			isa = PBXVariantGroup;
			children = (
				5B2AB9A323EB4A8A005592F4 /* Base */,
			);
			name = LaunchScreen.storyboard;
			sourceTree = "<group>";
		};
/* End PBXVariantGroup section */

/* Begin XCBuildConfiguration section */
		5B2AB9A623EB4A8A005592F4 /* Debug */ = {
			isa = XCBuildConfiguration;
			buildSettings = {
				ALWAYS_SEARCH_USER_PATHS = NO;
				CLANG_ANALYZER_NONNULL = YES;
				CLANG_ANALYZER_NUMBER_OBJECT_CONVERSION = YES_AGGRESSIVE;
				CLANG_CXX_LANGUAGE_STANDARD = "gnu++14";
				CLANG_CXX_LIBRARY = "libc++";
				CLANG_ENABLE_MODULES = YES;
				CLANG_ENABLE_OBJC_ARC = YES;
				CLANG_ENABLE_OBJC_WEAK = YES;
				CLANG_WARN_BLOCK_CAPTURE_AUTORELEASING = YES;
				CLANG_WARN_BOOL_CONVERSION = YES;
				CLANG_WARN_COMMA = YES;
				CLANG_WARN_CONSTANT_CONVERSION = YES;
				CLANG_WARN_DEPRECATED_OBJC_IMPLEMENTATIONS = YES;
				CLANG_WARN_DIRECT_OBJC_ISA_USAGE = YES_ERROR;
				CLANG_WARN_DOCUMENTATION_COMMENTS = YES;
				CLANG_WARN_EMPTY_BODY = YES;
				CLANG_WARN_ENUM_CONVERSION = YES;
				CLANG_WARN_INFINITE_RECURSION = YES;
				CLANG_WARN_INT_CONVERSION = YES;
				CLANG_WARN_NON_LITERAL_NULL_CONVERSION = YES;
				CLANG_WARN_OBJC_IMPLICIT_RETAIN_SELF = YES;
				CLANG_WARN_OBJC_LITERAL_CONVERSION = YES;
				CLANG_WARN_OBJC_ROOT_CLASS = YES_ERROR;
				CLANG_WARN_RANGE_LOOP_ANALYSIS = YES;
				CLANG_WARN_STRICT_PROTOTYPES = YES;
				CLANG_WARN_SUSPICIOUS_MOVE = YES;
				CLANG_WARN_UNGUARDED_AVAILABILITY = YES_AGGRESSIVE;
				CLANG_WARN_UNREACHABLE_CODE = YES;
				CLANG_WARN__DUPLICATE_METHOD_MATCH = YES;
				COPY_PHASE_STRIP = NO;
				DEBUG_INFORMATION_FORMAT = dwarf;
				ENABLE_STRICT_OBJC_MSGSEND = YES;
				ENABLE_TESTABILITY = YES;
				GCC_C_LANGUAGE_STANDARD = gnu11;
				GCC_DYNAMIC_NO_PIC = NO;
				GCC_NO_COMMON_BLOCKS = YES;
				GCC_OPTIMIZATION_LEVEL = 0;
				GCC_PREPROCESSOR_DEFINITIONS = (
					"DEBUG=1",
					"$(inherited)",
				);
				GCC_WARN_64_TO_32_BIT_CONVERSION = YES;
				GCC_WARN_ABOUT_RETURN_TYPE = YES_ERROR;
				GCC_WARN_UNDECLARED_SELECTOR = YES;
				GCC_WARN_UNINITIALIZED_AUTOS = YES_AGGRESSIVE;
				GCC_WARN_UNUSED_FUNCTION = YES;
				GCC_WARN_UNUSED_VARIABLE = YES;
				IPHONEOS_DEPLOYMENT_TARGET = 13.2;
				MTL_ENABLE_DEBUG_INFO = INCLUDE_SOURCE;
				MTL_FAST_MATH = YES;
				ONLY_ACTIVE_ARCH = YES;
				SDKROOT = iphoneos;
				SWIFT_ACTIVE_COMPILATION_CONDITIONS = DEBUG;
				SWIFT_OPTIMIZATION_LEVEL = "-Onone";
			};
			name = Debug;
		};
		5B2AB9A723EB4A8A005592F4 /* Release */ = {
			isa = XCBuildConfiguration;
			buildSettings = {
				ALWAYS_SEARCH_USER_PATHS = NO;
				CLANG_ANALYZER_NONNULL = YES;
				CLANG_ANALYZER_NUMBER_OBJECT_CONVERSION = YES_AGGRESSIVE;
				CLANG_CXX_LANGUAGE_STANDARD = "gnu++14";
				CLANG_CXX_LIBRARY = "libc++";
				CLANG_ENABLE_MODULES = YES;
				CLANG_ENABLE_OBJC_ARC = YES;
				CLANG_ENABLE_OBJC_WEAK = YES;
				CLANG_WARN_BLOCK_CAPTURE_AUTORELEASING = YES;
				CLANG_WARN_BOOL_CONVERSION = YES;
				CLANG_WARN_COMMA = YES;
				CLANG_WARN_CONSTANT_CONVERSION = YES;
				CLANG_WARN_DEPRECATED_OBJC_IMPLEMENTATIONS = YES;
				CLANG_WARN_DIRECT_OBJC_ISA_USAGE = YES_ERROR;
				CLANG_WARN_DOCUMENTATION_COMMENTS = YES;
				CLANG_WARN_EMPTY_BODY = YES;
				CLANG_WARN_ENUM_CONVERSION = YES;
				CLANG_WARN_INFINITE_RECURSION = YES;
				CLANG_WARN_INT_CONVERSION = YES;
				CLANG_WARN_NON_LITERAL_NULL_CONVERSION = YES;
				CLANG_WARN_OBJC_IMPLICIT_RETAIN_SELF = YES;
				CLANG_WARN_OBJC_LITERAL_CONVERSION = YES;
				CLANG_WARN_OBJC_ROOT_CLASS = YES_ERROR;
				CLANG_WARN_RANGE_LOOP_ANALYSIS = YES;
				CLANG_WARN_STRICT_PROTOTYPES = YES;
				CLANG_WARN_SUSPICIOUS_MOVE = YES;
				CLANG_WARN_UNGUARDED_AVAILABILITY = YES_AGGRESSIVE;
				CLANG_WARN_UNREACHABLE_CODE = YES;
				CLANG_WARN__DUPLICATE_METHOD_MATCH = YES;
				COPY_PHASE_STRIP = NO;
				DEBUG_INFORMATION_FORMAT = "dwarf-with-dsym";
				ENABLE_NS_ASSERTIONS = NO;
				ENABLE_STRICT_OBJC_MSGSEND = YES;
				GCC_C_LANGUAGE_STANDARD = gnu11;
				GCC_NO_COMMON_BLOCKS = YES;
				GCC_WARN_64_TO_32_BIT_CONVERSION = YES;
				GCC_WARN_ABOUT_RETURN_TYPE = YES_ERROR;
				GCC_WARN_UNDECLARED_SELECTOR = YES;
				GCC_WARN_UNINITIALIZED_AUTOS = YES_AGGRESSIVE;
				GCC_WARN_UNUSED_FUNCTION = YES;
				GCC_WARN_UNUSED_VARIABLE = YES;
				IPHONEOS_DEPLOYMENT_TARGET = 13.2;
				MTL_ENABLE_DEBUG_INFO = NO;
				MTL_FAST_MATH = YES;
				SDKROOT = iphoneos;
				SWIFT_COMPILATION_MODE = wholemodule;
				SWIFT_OPTIMIZATION_LEVEL = "-O";
				VALIDATE_PRODUCT = YES;
			};
			name = Release;
		};
		5B2AB9A923EB4A8A005592F4 /* Debug */ = {
			isa = XCBuildConfiguration;
			baseConfigurationReference = F7F3ECAFB902F50324FFBECA /* Pods-CalendarApp.debug.xcconfig */;
			buildSettings = {
				ASSETCATALOG_COMPILER_APPICON_NAME = AppIcon;
				CODE_SIGN_STYLE = Automatic;
				DEVELOPMENT_TEAM = 7A47MGPH88;
				INFOPLIST_FILE = CalendarApp/Info.plist;
				LD_RUNPATH_SEARCH_PATHS = (
					"$(inherited)",
					"@executable_path/Frameworks",
				);
				PRODUCT_BUNDLE_IDENTIFIER = ar.com.victory.CalendarApp;
				PRODUCT_NAME = "$(TARGET_NAME)";
				SWIFT_VERSION = 5.0;
				TARGETED_DEVICE_FAMILY = "1,2";
			};
			name = Debug;
		};
		5B2AB9AA23EB4A8A005592F4 /* Release */ = {
			isa = XCBuildConfiguration;
			baseConfigurationReference = 1F684F921C95F539202A1022 /* Pods-CalendarApp.release.xcconfig */;
			buildSettings = {
				ASSETCATALOG_COMPILER_APPICON_NAME = AppIcon;
				CODE_SIGN_STYLE = Automatic;
				DEVELOPMENT_TEAM = 7A47MGPH88;
				INFOPLIST_FILE = CalendarApp/Info.plist;
				LD_RUNPATH_SEARCH_PATHS = (
					"$(inherited)",
					"@executable_path/Frameworks",
				);
				PRODUCT_BUNDLE_IDENTIFIER = ar.com.victory.CalendarApp;
				PRODUCT_NAME = "$(TARGET_NAME)";
				SWIFT_VERSION = 5.0;
				TARGETED_DEVICE_FAMILY = "1,2";
			};
			name = Release;
		};
/* End XCBuildConfiguration section */

/* Begin XCConfigurationList section */
		5B2AB98F23EB4A8A005592F4 /* Build configuration list for PBXProject "CalendarApp" */ = {
			isa = XCConfigurationList;
			buildConfigurations = (
				5B2AB9A623EB4A8A005592F4 /* Debug */,
				5B2AB9A723EB4A8A005592F4 /* Release */,
			);
			defaultConfigurationIsVisible = 0;
			defaultConfigurationName = Release;
		};
		5B2AB9A823EB4A8A005592F4 /* Build configuration list for PBXNativeTarget "CalendarApp" */ = {
			isa = XCConfigurationList;
			buildConfigurations = (
				5B2AB9A923EB4A8A005592F4 /* Debug */,
				5B2AB9AA23EB4A8A005592F4 /* Release */,
			);
			defaultConfigurationIsVisible = 0;
			defaultConfigurationName = Release;
		};
/* End XCConfigurationList section */
	};
	rootObject = 5B2AB98C23EB4A8A005592F4 /* Project object */;
}
